
Microsoft Visual Studio Solution File, Format Version 11.00
# Visual Studio 2010
Project("{FAE04EC0-301F-11D3-BF4B-00C04F79EFBC}") = "AxisSocket", "AxisSocket.csproj", "{D55E5F2E-C8B3-4AED-B999-C7533E2E5E35}"
EndProject
Global
	GlobalSection(SolutionConfigurationPlatforms) = preSolution
		Debug|x86 = Debug|x86
		Release|x86 = Release|x86
	EndGlobalSection
	GlobalSection(ProjectConfigurationPlatforms) = postSolution
		{D55E5F2E-C8B3-4AED-B999-C7533E2E5E35}.Debug|x86.ActiveCfg = Debug|x86
		{D55E5F2E-C8B3-4AED-B999-C7533E2E5E35}.Debug|x86.Build.0 = Debug|x86
		{D55E5F2E-C8B3-4AED-B999-C7533E2E5E35}.Release|x86.ActiveCfg = Release|x86
		{D55E5F2E-C8B3-4AED-B999-C7533E2E5E35}.Release|x86.Build.0 = Release|x86
	EndGlobalSection
	GlobalSection(SolutionProperties) = preSolution
		HideSolutionNode = FALSE
	EndGlobalSection
EndGlobal
